// !$*UTF8*$!
{
	archiveVersion = 1;
	classes = {
	};
	objectVersion = 46;
	objects = {

/* Begin PBXBuildFile section */
		71AEBE121F1D114400565C3D /* AppDelegate.swift in Sources */ = {isa = PBXBuildFile; fileRef = 71AEBE111F1D114400565C3D /* AppDelegate.swift */; };
		71AEBE141F1D114400565C3D /* ViewController.swift in Sources */ = {isa = PBXBuildFile; fileRef = 71AEBE131F1D114400565C3D /* ViewController.swift */; };
		71AEBE171F1D114400565C3D /* Main.storyboard in Resources */ = {isa = PBXBuildFile; fileRef = 71AEBE151F1D114400565C3D /* Main.storyboard */; };
		71AEBE191F1D114400565C3D /* Assets.xcassets in Resources */ = {isa = PBXBuildFile; fileRef = 71AEBE181F1D114400565C3D /* Assets.xcassets */; };
		71AEBE1C1F1D114400565C3D /* LaunchScreen.storyboard in Resources */ = {isa = PBXBuildFile; fileRef = 71AEBE1A1F1D114400565C3D /* LaunchScreen.storyboard */; };
		71AEBE241F1D117900565C3D /* Datos.swift in Sources */ = {isa = PBXBuildFile; fileRef = 71AEBE231F1D117900565C3D /* Datos.swift */; };
		71AEBE261F1E120100565C3D /* ColoresStruct.swift in Sources */ = {isa = PBXBuildFile; fileRef = 71AEBE251F1E120100565C3D /* ColoresStruct.swift */; };
/* End PBXBuildFile section */

/* Begin PBXFileReference section */
		71AEBE0E1F1D114300565C3D /* Hamburguesas.app */ = {isa = PBXFileReference; explicitFileType = wrapper.application; includeInIndex = 0; path = Hamburguesas.app; sourceTree = BUILT_PRODUCTS_DIR; };
		71AEBE111F1D114400565C3D /* AppDelegate.swift */ = {isa = PBXFileReference; lastKnownFileType = sourcecode.swift; path = AppDelegate.swift; sourceTree = "<group>"; };
		71AEBE131F1D114400565C3D /* ViewController.swift */ = {isa = PBXFileReference; lastKnownFileType = sourcecode.swift; path = ViewController.swift; sourceTree = "<group>"; };
		71AEBE161F1D114400565C3D /* Base */ = {isa = PBXFileReference; lastKnownFileType = file.storyboard; name = Base; path = Base.lproj/Main.storyboard; sourceTree = "<group>"; };
		71AEBE181F1D114400565C3D /* Assets.xcassets */ = {isa = PBXFileReference; lastKnownFileType = folder.assetcatalog; path = Assets.xcassets; sourceTree = "<group>"; };
		71AEBE1B1F1D114400565C3D /* Base */ = {isa = PBXFileReference; lastKnownFileType = file.storyboard; name = Base; path = Base.lproj/LaunchScreen.storyboard; sourceTree = "<group>"; };
		71AEBE1D1F1D114400565C3D /* Info.plist */ = {isa = PBXFileReference; lastKnownFileType = text.plist.xml; path = Info.plist; sourceTree = "<group>"; };
		71AEBE231F1D117900565C3D /* Datos.swift */ = {isa = PBXFileReference; fileEncoding = 4; lastKnownFileType = sourcecode.swift; path = Datos.swift; sourceTree = "<group>"; };
		71AEBE251F1E120100565C3D /* ColoresStruct.swift */ = {isa = PBXFileReference; fileEncoding = 4; lastKnownFileType = sourcecode.swift; path = ColoresStruct.swift; sourceTree = "<group>"; };
/* End PBXFileReference section */

/* Begin PBXFrameworksBuildPhase section */
		71AEBE0B1F1D114300565C3D /* Frameworks */ = {
			isa = PBXFrameworksBuildPhase;
			buildActionMask = 2147483647;
			files = (
			);
			runOnlyForDeploymentPostprocessing = 0;
		};
/* End PBXFrameworksBuildPhase section */

/* Begin PBXGroup section */
		71AEBE051F1D114300565C3D = {
			isa = PBXGroup;
			children = (
				71AEBE101F1D114400565C3D /* Hamburguesas */,
				71AEBE0F1F1D114300565C3D /* Products */,
			);
			sourceTree = "<group>";
		};
		71AEBE0F1F1D114300565C3D /* Products */ = {
			isa = PBXGroup;
			children = (
				71AEBE0E1F1D114300565C3D /* Hamburguesas.app */,
			);
			name = Products;
			sourceTree = "<group>";
		};
		71AEBE101F1D114400565C3D /* Hamburguesas */ = {
			isa = PBXGroup;
			children = (
				71AEBE111F1D114400565C3D /* AppDelegate.swift */,
				71AEBE131F1D114400565C3D /* ViewController.swift */,
				71AEBE151F1D114400565C3D /* Main.storyboard */,
				71AEBE181F1D114400565C3D /* Assets.xcassets */,
				71AEBE1A1F1D114400565C3D /* LaunchScreen.storyboard */,
				71AEBE1D1F1D114400565C3D /* Info.plist */,
				71AEBE271F1E525800565C3D /* Clases */,
			);
			path = Hamburguesas;
			sourceTree = "<group>";
		};
		71AEBE271F1E525800565C3D /* Clases */ = {
			isa = PBXGroup;
			children = (
				71AEBE231F1D117900565C3D /* Datos.swift */,
				71AEBE251F1E120100565C3D /* ColoresStruct.swift */,
			);
			name = Clases;
			path = ..;
			sourceTree = "<group>";
		};
/* End PBXGroup section */

/* Begin PBXNativeTarget section */
		71AEBE0D1F1D114300565C3D /* Hamburguesas */ = {
			isa = PBXNativeTarget;
			buildConfigurationList = 71AEBE201F1D114400565C3D /* Build configuration list for PBXNativeTarget "Hamburguesas" */;
			buildPhases = (
				71AEBE0A1F1D114300565C3D /* Sources */,
				71AEBE0B1F1D114300565C3D /* Frameworks */,
				71AEBE0C1F1D114300565C3D /* Resources */,
			);
			buildRules = (
			);
			dependencies = (
			);
			name = Hamburguesas;
			productName = Hamburguesas;
			productReference = 71AEBE0E1F1D114300565C3D /* Hamburguesas.app */;
			productType = "com.apple.product-type.application";
		};
/* End PBXNativeTarget section */

/* Begin PBXProject section */
		71AEBE061F1D114300565C3D /* Project object */ = {
			isa = PBXProject;
			attributes = {
				LastSwiftUpdateCheck = 0730;
				LastUpgradeCheck = 0730;
				ORGANIZATIONNAME = "ERA Energy Research";
				TargetAttributes = {
					71AEBE0D1F1D114300565C3D = {
						CreatedOnToolsVersion = 7.3.1;
					};
				};
			};
			buildConfigurationList = 71AEBE091F1D114300565C3D /* Build configuration list for PBXProject "Hamburguesas" */;
			compatibilityVersion = "Xcode 3.2";
			developmentRegion = English;
			hasScannedForEncodings = 0;
			knownRegions = (
				en,
				Base,
			);
			mainGroup = 71AEBE051F1D114300565C3D;
			productRefGroup = 71AEBE0F1F1D114300565C3D /* Products */;
			projectDirPath = "";
			projectRoot = "";
			targets = (
				71AEBE0D1F1D114300565C3D /* Hamburguesas */,
			);
		};
/* End PBXProject section */

/* Begin PBXResourcesBuildPhase section */
		71AEBE0C1F1D114300565C3D /* Resources */ = {
			isa = PBXResourcesBuildPhase;
			buildActionMask = 2147483647;
			files = (
				71AEBE1C1F1D114400565C3D /* LaunchScreen.storyboard in Resources */,
				71AEBE191F1D114400565C3D /* Assets.xcassets in Resources */,
				71AEBE171F1D114400565C3D /* Main.storyboard in Resources */,
			);
			runOnlyForDeploymentPostprocessing = 0;
		};
/* End PBXResourcesBuildPhase section */

/* Begin PBXSourcesBuildPhase section */
		71AEBE0A1F1D114300565C3D /* Sources */ = {
			isa = PBXSourcesBuildPhase;
			buildActionMask = 2147483647;
			files = (
				71AEBE141F1D114400565C3D /* ViewController.swift in Sources */,
				71AEBE121F1D114400565C3D /* AppDelegate.swift in Sources */,
				71AEBE261F1E120100565C3D /* ColoresStruct.swift in Sources */,
				71AEBE241F1D117900565C3D /* Datos.swift in Sources */,
			);
			runOnlyForDeploymentPostprocessing = 0;
		};
/* End PBXSourcesBuildPhase section */

/* Begin PBXVariantGroup section */
		71AEBE151F1D114400565C3D /* Main.storyboard */ = {
			isa = PBXVariantGroup;
			children = (
				71AEBE161F1D114400565C3D /* Base */,
			);
			name = Main.storyboard;
			sourceTree = "<group>";
		};
		71AEBE1A1F1D114400565C3D /* LaunchScreen.storyboard */ = {
			isa = PBXVariantGroup;
			children = (
				71AEBE1B1F1D114400565C3D /* Base */,
			);
			name = LaunchScreen.storyboard;
			sourceTree = "<group>";
		};
/* End PBXVariantGroup section */

/* Begin XCBuildConfiguration section */
		71AEBE1E1F1D114400565C3D /* Debug */ = {
			isa = XCBuildConfiguration;
			buildSettings = {
				ALWAYS_SEARCH_USER_PATHS = NO;
				CLANG_ANALYZER_NONNULL = YES;
				CLANG_CXX_LANGUAGE_STANDARD = "gnu++0x";
				CLANG_CXX_LIBRARY = "libc++";
				CLANG_ENABLE_MODULES = YES;
				CLANG_ENABLE_OBJC_ARC = YES;
				CLANG_WARN_BOOL_CONVERSION = YES;
				CLANG_WARN_CONSTANT_CONVERSION = YES;
				CLANG_WARN_DIRECT_OBJC_ISA_USAGE = YES_ERROR;
				CLANG_WARN_EMPTY_BODY = YES;
				CLANG_WARN_ENUM_CONVERSION = YES;
				CLANG_WARN_INT_CONVERSION = YES;
				CLANG_WARN_OBJC_ROOT_CLASS = YES_ERROR;
				CLANG_WARN_UNREACHABLE_CODE = YES;
				CLANG_WARN__DUPLICATE_METHOD_MATCH = YES;
				"CODE_SIGN_IDENTITY[sdk=iphoneos*]" = "iPhone Developer";
				COPY_PHASE_STRIP = NO;
				DEBUG_INFORMATION_FORMAT = dwarf;
				ENABLE_STRICT_OBJC_MSGSEND = YES;
				ENABLE_TESTABILITY = YES;
				GCC_C_LANGUAGE_STANDARD = gnu99;
				GCC_DYNAMIC_NO_PIC = NO;
				GCC_NO_COMMON_BLOCKS = YES;
				GCC_OPTIMIZATION_LEVEL = 0;
				GCC_PREPROCESSOR_DEFINITIONS = (
					"DEBUG=1",
					"$(inherited)",
				);
				GCC_WARN_64_TO_32_BIT_CONVERSION = YES;
				GCC_WARN_ABOUT_RETURN_TYPE = YES_ERROR;
				GCC_WARN_UNDECLARED_SELECTOR = YES;
				GCC_WARN_UNINITIALIZED_AUTOS = YES_AGGRESSIVE;
				GCC_WARN_UNUSED_FUNCTION = YES;
				GCC_WARN_UNUSED_VARIABLE = YES;
				IPHONEOS_DEPLOYMENT_TARGET = 9.3;
				MTL_ENABLE_DEBUG_INFO = YES;
				ONLY_ACTIVE_ARCH = YES;
				SDKROOT = iphoneos;
				SWIFT_OPTIMIZATION_LEVEL = "-Onone";
			};
			name = Debug;
		};
		71AEBE1F1F1D114400565C3D /* Release */ = {
			isa = XCBuildConfiguration;
			buildSettings = {
				ALWAYS_SEARCH_USER_PATHS = NO;
				CLANG_ANALYZER_NONNULL = YES;
				CLANG_CXX_LANGUAGE_STANDARD = "gnu++0x";
				CLANG_CXX_LIBRARY = "libc++";
				CLANG_ENABLE_MODULES = YES;
				CLANG_ENABLE_OBJC_ARC = YES;
				CLANG_WARN_BOOL_CONVERSION = YES;
				CLANG_WARN_CONSTANT_CONVERSION = YES;
				CLANG_WARN_DIRECT_OBJC_ISA_USAGE = YES_ERROR;
				CLANG_WARN_EMPTY_BODY = YES;
				CLANG_WARN_ENUM_CONVERSION = YES;
				CLANG_WARN_INT_CONVERSION = YES;
				CLANG_WARN_OBJC_ROOT_CLASS = YES_ERROR;
				CLANG_WARN_UNREACHABLE_CODE = YES;
				CLANG_WARN__DUPLICATE_METHOD_MATCH = YES;
				"CODE_SIGN_IDENTITY[sdk=iphoneos*]" = "iPhone Developer";
				COPY_PHASE_STRIP = NO;
				DEBUG_INFORMATION_FORMAT = "dwarf-with-dsym";
				ENABLE_NS_ASSERTIONS = NO;
				ENABLE_STRICT_OBJC_MSGSEND = YES;
				GCC_C_LANGUAGE_STANDARD = gnu99;
				GCC_NO_COMMON_BLOCKS = YES;
				GCC_WARN_64_TO_32_BIT_CONVERSION = YES;
				GCC_WARN_ABOUT_RETURN_TYPE = YES_ERROR;
				GCC_WARN_UNDECLARED_SELECTOR = YES;
				GCC_WARN_UNINITIALIZED_AUTOS = YES_AGGRESSIVE;
				GCC_WARN_UNUSED_FUNCTION = YES;
				GCC_WARN_UNUSED_VARIABLE = YES;
				IPHONEOS_DEPLOYMENT_TARGET = 9.3;
				MTL_ENABLE_DEBUG_INFO = NO;
				SDKROOT = iphoneos;
				VALIDATE_PRODUCT = YES;
			};
			name = Release;
		};
		71AEBE211F1D114400565C3D /* Debug */ = {
			isa = XCBuildConfiguration;
			buildSettings = {
				ASSETCATALOG_COMPILER_APPICON_NAME = AppIcon;
				INFOPLIST_FILE = Hamburguesas/Info.plist;
				LD_RUNPATH_SEARCH_PATHS = "$(inherited) @executable_path/Frameworks";
				PRODUCT_BUNDLE_IDENTIFIER = ERA.Hamburguesas;
				PRODUCT_NAME = "$(TARGET_NAME)";
			};
			name = Debug;
		};
		71AEBE221F1D114400565C3D /* Release */ = {
			isa = XCBuildConfiguration;
			buildSettings = {
				ASSETCATALOG_COMPILER_APPICON_NAME = AppIcon;
				INFOPLIST_FILE = Hamburguesas/Info.plist;
				LD_RUNPATH_SEARCH_PATHS = "$(inherited) @executable_path/Frameworks";
				PRODUCT_BUNDLE_IDENTIFIER = ERA.Hamburguesas;
				PRODUCT_NAME = "$(TARGET_NAME)";
			};
			name = Release;
		};
/* End XCBuildConfiguration section */

/* Begin XCConfigurationList section */
		71AEBE091F1D114300565C3D /* Build configuration list for PBXProject "Hamburguesas" */ = {
			isa = XCConfigurationList;
			buildConfigurations = (
				71AEBE1E1F1D114400565C3D /* Debug */,
				71AEBE1F1F1D114400565C3D /* Release */,
			);
			defaultConfigurationIsVisible = 0;
			defaultConfigurationName = Release;
		};
		71AEBE201F1D114400565C3D /* Build configuration list for PBXNativeTarget "Hamburguesas" */ = {
			isa = XCConfigurationList;
			buildConfigurations = (
				71AEBE211F1D114400565C3D /* Debug */,
				71AEBE221F1D114400565C3D /* Release */,
			);
			defaultConfigurationIsVisible = 0;
		};
/* End XCConfigurationList section */
	};
	rootObject = 71AEBE061F1D114300565C3D /* Project object */;
}
